
Microsoft Visual Studio Solution File, Format Version 12.00
# Visual Studio Version 16
VisualStudioVersion = 16.0.30621.155
MinimumVisualStudioVersion = 10.0.40219.1
Project("{2150E333-8FDC-42A3-9474-1A3956D46DE8}") = "1 - Libraries", "1 - Libraries", "{DED6CB62-AF4E-4D66-B615-FFCC3BFB5D59}"
EndProject
Project("{9A19103F-16F7-4668-BE54-9A1E7A4F7556}") = "MadReflection.Minecraft.Data", "MadReflection.Minecraft.Data\MadReflection.Minecraft.Data.csproj", "{5EC33B32-772B-485F-BA67-6738910D5707}"
EndProject
Project("{9A19103F-16F7-4668-BE54-9A1E7A4F7556}") = "MadReflection.Minecraft.Model", "MadReflection.Minecraft.Model\MadReflection.Minecraft.Model.csproj", "{48F58A8D-C0A5-4487-BB9E-8CDC12B6832D}"
EndProject
Project("{9A19103F-16F7-4668-BE54-9A1E7A4F7556}") = "MadReflection.Minecraft.Construction", "MadReflection.Minecraft.Construction\MadReflection.Minecraft.Construction.csproj", "{54C8D511-D741-4947-81AA-D2FBC34152CE}"
EndProject
Project("{2150E333-8FDC-42A3-9474-1A3956D46DE8}") = "2 - Tests", "2 - Tests", "{2A1EE519-AA29-4F81-88FC-1C094AA8C8C5}"
EndProject
Project("{9A19103F-16F7-4668-BE54-9A1E7A4F7556}") = "MadReflection.Minecraft.Model.Tests", "MadReflection.Minecraft.Model.Tests\MadReflection.Minecraft.Model.Tests.csproj", "{087078A5-DC84-4D3E-878A-D09FC8BF0310}"
EndProject
Project("{9A19103F-16F7-4668-BE54-9A1E7A4F7556}") = "MadReflection.Minecraft.Construction.Tests", "MadReflection.Minecraft.Construction.Tests\MadReflection.Minecraft.Construction.Tests.csproj", "{496AAA6F-0716-4467-BF5A-0244A6C663AD}"
EndProject
Project("{2150E333-8FDC-42A3-9474-1A3956D46DE8}") = "3 - Applications", "3 - Applications", "{DD4A8855-86BE-4B72-91B8-107CA0F67374}"
EndProject
Project("{9A19103F-16F7-4668-BE54-9A1E7A4F7556}") = "MadReflection.Minecraft.Data.Tests", "MadReflection.Minecraft.Data.Tests\MadReflection.Minecraft.Data.Tests.csproj", "{DB38812C-3C52-4CC1-BC90-ACBF4D45DF8B}"
EndProject
Project("{FAE04EC0-301F-11D3-BF4B-00C04F79EFBC}") = "BlockDataEtl", "BlockDataEtl\BlockDataEtl.csproj", "{F01E7B0F-19B8-4178-BFAD-990D3F8770FD}"
EndProject
Project("{2150E333-8FDC-42A3-9474-1A3956D46DE8}") = "0 - Old", "0 - Old", "{256EAA46-94E0-48AC-9270-8765AFD9CCDA}"
EndProject
Project("{9A19103F-16F7-4668-BE54-9A1E7A4F7556}") = "Minecraft.Model", "Minecraft.Model\Minecraft.Model.csproj", "{B0E055C7-8CB1-46B5-B0F6-12BD214A4AF8}"
EndProject
Project("{9A19103F-16F7-4668-BE54-9A1E7A4F7556}") = "Minecraft.Model.Bedrock", "Minecraft.Model.Bedrock\Minecraft.Model.Bedrock.csproj", "{CF21F777-4087-40AF-AADB-D8E15EC0622B}"
EndProject
Project("{9A19103F-16F7-4668-BE54-9A1E7A4F7556}") = "Minecraft.Model.Java", "Minecraft.Model.Java\Minecraft.Model.Java.csproj", "{79F50737-032C-42AD-8CE7-8C5728233148}"
EndProject
Project("{2150E333-8FDC-42A3-9474-1A3956D46DE8}") = "1.1 - Model", "1.1 - Model", "{C240D8B1-535A-44B3-B17C-675F2B5ADD8C}"
EndProject
Project("{2150E333-8FDC-42A3-9474-1A3956D46DE8}") = "1.2 - Construction", "1.2 - Construction", "{32F6B833-5C59-4EEC-9CDA-EE21197EF44C}"
EndProject
Project("{9A19103F-16F7-4668-BE54-9A1E7A4F7556}") = "Minecraft.Construction", "Minecraft.Construction\Minecraft.Construction.csproj", "{8B55B500-9411-45C9-9824-7E1862103146}"
EndProject
Project("{9A19103F-16F7-4668-BE54-9A1E7A4F7556}") = "Minecraft.Construction.Bedrock", "Minecraft.Construction.Bedrock\Minecraft.Construction.Bedrock.csproj", "{AA673DEF-A84B-4283-A680-DBCCC13E8813}"
EndProject
Project("{9A19103F-16F7-4668-BE54-9A1E7A4F7556}") = "Minecraft.Construction.Java", "Minecraft.Construction.Java\Minecraft.Construction.Java.csproj", "{BC0C898F-7E4F-4FF0-B188-A3FA1BA14734}"
EndProject
Project("{9A19103F-16F7-4668-BE54-9A1E7A4F7556}") = "Minecraft.Model.Tests", "Minecraft.Model.Tests\Minecraft.Model.Tests.csproj", "{B26CAF91-1760-4122-A4EA-87C9DF3CEAD6}"
EndProject
Project("{9A19103F-16F7-4668-BE54-9A1E7A4F7556}") = "Minecraft.Model.Bedrock.Tests", "Minecraft.Model.Bedrock.Tests\Minecraft.Model.Bedrock.Tests.csproj", "{740D3002-C343-4D48-B3D9-04408123C218}"
EndProject
Project("{9A19103F-16F7-4668-BE54-9A1E7A4F7556}") = "Minecraft.Model.Java.Tests", "Minecraft.Model.Java.Tests\Minecraft.Model.Java.Tests.csproj", "{81245FE0-E4B4-43E7-A05F-EA86E43A249C}"
EndProject
Project("{2150E333-8FDC-42A3-9474-1A3956D46DE8}") = "2.1 - Model", "2.1 - Model", "{C3B1012B-A105-439E-A7EB-BC63157F3186}"
EndProject
Project("{2150E333-8FDC-42A3-9474-1A3956D46DE8}") = "2.2 - Construction", "2.2 - Construction", "{293894B4-47C7-4520-B8B5-D963C1F78B25}"
EndProject
Project("{9A19103F-16F7-4668-BE54-9A1E7A4F7556}") = "Minecraft.Construction.Tests", "Minecraft.Construction.Tests\Minecraft.Construction.Tests.csproj", "{A15A54E9-8E71-46AF-B0AC-8A6317D1D19B}"
EndProject
Project("{9A19103F-16F7-4668-BE54-9A1E7A4F7556}") = "Minecraft.Construction.Bedrock.Tests", "Minecraft.Construction.Bedrock.Tests\Minecraft.Construction.Bedrock.Tests.csproj", "{19D5D553-6B8C-4B89-A7D7-F05D0610289D}"
EndProject
Project("{FAE04EC0-301F-11D3-BF4B-00C04F79EFBC}") = "Minecraft.Construction.Java.Tests", "Minecraft.Construction.Java.Tests\Minecraft.Construction.Java.Tests.csproj", "{978F76B3-0729-44E3-8803-CF7F1149C74D}"
EndProject
Project("{FAE04EC0-301F-11D3-BF4B-00C04F79EFBC}") = "WarpZoneGenerator", "WarpZone\WarpZoneGenerator.csproj", "{30D47B96-C94D-4DD7-BE08-9CBFB6124EB7}"
EndProject
Global
	GlobalSection(SolutionConfigurationPlatforms) = preSolution
		Debug|Any CPU = Debug|Any CPU
		Release|Any CPU = Release|Any CPU
	EndGlobalSection
	GlobalSection(ProjectConfigurationPlatforms) = postSolution
		{5EC33B32-772B-485F-BA67-6738910D5707}.Debug|Any CPU.ActiveCfg = Debug|Any CPU
		{5EC33B32-772B-485F-BA67-6738910D5707}.Debug|Any CPU.Build.0 = Debug|Any CPU
		{5EC33B32-772B-485F-BA67-6738910D5707}.Release|Any CPU.ActiveCfg = Release|Any CPU
		{5EC33B32-772B-485F-BA67-6738910D5707}.Release|Any CPU.Build.0 = Release|Any CPU
		{48F58A8D-C0A5-4487-BB9E-8CDC12B6832D}.Debug|Any CPU.ActiveCfg = Debug|Any CPU
		{48F58A8D-C0A5-4487-BB9E-8CDC12B6832D}.Debug|Any CPU.Build.0 = Debug|Any CPU
		{48F58A8D-C0A5-4487-BB9E-8CDC12B6832D}.Release|Any CPU.ActiveCfg = Release|Any CPU
		{48F58A8D-C0A5-4487-BB9E-8CDC12B6832D}.Release|Any CPU.Build.0 = Release|Any CPU
		{54C8D511-D741-4947-81AA-D2FBC34152CE}.Debug|Any CPU.ActiveCfg = Debug|Any CPU
		{54C8D511-D741-4947-81AA-D2FBC34152CE}.Debug|Any CPU.Build.0 = Debug|Any CPU
		{54C8D511-D741-4947-81AA-D2FBC34152CE}.Release|Any CPU.ActiveCfg = Release|Any CPU
		{54C8D511-D741-4947-81AA-D2FBC34152CE}.Release|Any CPU.Build.0 = Release|Any CPU
		{087078A5-DC84-4D3E-878A-D09FC8BF0310}.Debug|Any CPU.ActiveCfg = Debug|Any CPU
		{087078A5-DC84-4D3E-878A-D09FC8BF0310}.Debug|Any CPU.Build.0 = Debug|Any CPU
		{087078A5-DC84-4D3E-878A-D09FC8BF0310}.Release|Any CPU.ActiveCfg = Release|Any CPU
		{087078A5-DC84-4D3E-878A-D09FC8BF0310}.Release|Any CPU.Build.0 = Release|Any CPU
		{496AAA6F-0716-4467-BF5A-0244A6C663AD}.Debug|Any CPU.ActiveCfg = Debug|Any CPU
		{496AAA6F-0716-4467-BF5A-0244A6C663AD}.Debug|Any CPU.Build.0 = Debug|Any CPU
		{496AAA6F-0716-4467-BF5A-0244A6C663AD}.Release|Any CPU.ActiveCfg = Release|Any CPU
		{496AAA6F-0716-4467-BF5A-0244A6C663AD}.Release|Any CPU.Build.0 = Release|Any CPU
		{DB38812C-3C52-4CC1-BC90-ACBF4D45DF8B}.Debug|Any CPU.ActiveCfg = Debug|Any CPU
		{DB38812C-3C52-4CC1-BC90-ACBF4D45DF8B}.Debug|Any CPU.Build.0 = Debug|Any CPU
		{DB38812C-3C52-4CC1-BC90-ACBF4D45DF8B}.Release|Any CPU.ActiveCfg = Release|Any CPU
		{DB38812C-3C52-4CC1-BC90-ACBF4D45DF8B}.Release|Any CPU.Build.0 = Release|Any CPU
		{F01E7B0F-19B8-4178-BFAD-990D3F8770FD}.Debug|Any CPU.ActiveCfg = Debug|Any CPU
		{F01E7B0F-19B8-4178-BFAD-990D3F8770FD}.Debug|Any CPU.Build.0 = Debug|Any CPU
		{F01E7B0F-19B8-4178-BFAD-990D3F8770FD}.Release|Any CPU.ActiveCfg = Release|Any CPU
		{F01E7B0F-19B8-4178-BFAD-990D3F8770FD}.Release|Any CPU.Build.0 = Release|Any CPU
		{B0E055C7-8CB1-46B5-B0F6-12BD214A4AF8}.Debug|Any CPU.ActiveCfg = Debug|Any CPU
		{B0E055C7-8CB1-46B5-B0F6-12BD214A4AF8}.Debug|Any CPU.Build.0 = Debug|Any CPU
		{B0E055C7-8CB1-46B5-B0F6-12BD214A4AF8}.Release|Any CPU.ActiveCfg = Release|Any CPU
		{B0E055C7-8CB1-46B5-B0F6-12BD214A4AF8}.Release|Any CPU.Build.0 = Release|Any CPU
		{CF21F777-4087-40AF-AADB-D8E15EC0622B}.Debug|Any CPU.ActiveCfg = Debug|Any CPU
		{CF21F777-4087-40AF-AADB-D8E15EC0622B}.Debug|Any CPU.Build.0 = Debug|Any CPU
		{CF21F777-4087-40AF-AADB-D8E15EC0622B}.Release|Any CPU.ActiveCfg = Release|Any CPU
		{CF21F777-4087-40AF-AADB-D8E15EC0622B}.Release|Any CPU.Build.0 = Release|Any CPU
		{79F50737-032C-42AD-8CE7-8C5728233148}.Debug|Any CPU.ActiveCfg = Debug|Any CPU
		{79F50737-032C-42AD-8CE7-8C5728233148}.Debug|Any CPU.Build.0 = Debug|Any CPU
		{79F50737-032C-42AD-8CE7-8C5728233148}.Release|Any CPU.ActiveCfg = Release|Any CPU
		{79F50737-032C-42AD-8CE7-8C5728233148}.Release|Any CPU.Build.0 = Release|Any CPU
		{8B55B500-9411-45C9-9824-7E1862103146}.Debug|Any CPU.ActiveCfg = Debug|Any CPU
		{8B55B500-9411-45C9-9824-7E1862103146}.Debug|Any CPU.Build.0 = Debug|Any CPU
		{8B55B500-9411-45C9-9824-7E1862103146}.Release|Any CPU.ActiveCfg = Release|Any CPU
		{8B55B500-9411-45C9-9824-7E1862103146}.Release|Any CPU.Build.0 = Release|Any CPU
		{AA673DEF-A84B-4283-A680-DBCCC13E8813}.Debug|Any CPU.ActiveCfg = Debug|Any CPU
		{AA673DEF-A84B-4283-A680-DBCCC13E8813}.Debug|Any CPU.Build.0 = Debug|Any CPU
		{AA673DEF-A84B-4283-A680-DBCCC13E8813}.Release|Any CPU.ActiveCfg = Release|Any CPU
		{AA673DEF-A84B-4283-A680-DBCCC13E8813}.Release|Any CPU.Build.0 = Release|Any CPU
		{BC0C898F-7E4F-4FF0-B188-A3FA1BA14734}.Debug|Any CPU.ActiveCfg = Debug|Any CPU
		{BC0C898F-7E4F-4FF0-B188-A3FA1BA14734}.Debug|Any CPU.Build.0 = Debug|Any CPU
		{BC0C898F-7E4F-4FF0-B188-A3FA1BA14734}.Release|Any CPU.ActiveCfg = Release|Any CPU
		{BC0C898F-7E4F-4FF0-B188-A3FA1BA14734}.Release|Any CPU.Build.0 = Release|Any CPU
		{B26CAF91-1760-4122-A4EA-87C9DF3CEAD6}.Debug|Any CPU.ActiveCfg = Debug|Any CPU
		{B26CAF91-1760-4122-A4EA-87C9DF3CEAD6}.Debug|Any CPU.Build.0 = Debug|Any CPU
		{B26CAF91-1760-4122-A4EA-87C9DF3CEAD6}.Release|Any CPU.ActiveCfg = Release|Any CPU
		{B26CAF91-1760-4122-A4EA-87C9DF3CEAD6}.Release|Any CPU.Build.0 = Release|Any CPU
		{740D3002-C343-4D48-B3D9-04408123C218}.Debug|Any CPU.ActiveCfg = Debug|Any CPU
		{740D3002-C343-4D48-B3D9-04408123C218}.Debug|Any CPU.Build.0 = Debug|Any CPU
		{740D3002-C343-4D48-B3D9-04408123C218}.Release|Any CPU.ActiveCfg = Release|Any CPU
		{740D3002-C343-4D48-B3D9-04408123C218}.Release|Any CPU.Build.0 = Release|Any CPU
		{81245FE0-E4B4-43E7-A05F-EA86E43A249C}.Debug|Any CPU.ActiveCfg = Debug|Any CPU
		{81245FE0-E4B4-43E7-A05F-EA86E43A249C}.Debug|Any CPU.Build.0 = Debug|Any CPU
		{81245FE0-E4B4-43E7-A05F-EA86E43A249C}.Release|Any CPU.ActiveCfg = Release|Any CPU
		{81245FE0-E4B4-43E7-A05F-EA86E43A249C}.Release|Any CPU.Build.0 = Release|Any CPU
		{A15A54E9-8E71-46AF-B0AC-8A6317D1D19B}.Debug|Any CPU.ActiveCfg = Debug|Any CPU
		{A15A54E9-8E71-46AF-B0AC-8A6317D1D19B}.Debug|Any CPU.Build.0 = Debug|Any CPU
		{A15A54E9-8E71-46AF-B0AC-8A6317D1D19B}.Release|Any CPU.ActiveCfg = Release|Any CPU
		{A15A54E9-8E71-46AF-B0AC-8A6317D1D19B}.Release|Any CPU.Build.0 = Release|Any CPU
		{19D5D553-6B8C-4B89-A7D7-F05D0610289D}.Debug|Any CPU.ActiveCfg = Debug|Any CPU
		{19D5D553-6B8C-4B89-A7D7-F05D0610289D}.Debug|Any CPU.Build.0 = Debug|Any CPU
		{19D5D553-6B8C-4B89-A7D7-F05D0610289D}.Release|Any CPU.ActiveCfg = Release|Any CPU
		{19D5D553-6B8C-4B89-A7D7-F05D0610289D}.Release|Any CPU.Build.0 = Release|Any CPU
		{978F76B3-0729-44E3-8803-CF7F1149C74D}.Debug|Any CPU.ActiveCfg = Debug|Any CPU
		{978F76B3-0729-44E3-8803-CF7F1149C74D}.Debug|Any CPU.Build.0 = Debug|Any CPU
		{978F76B3-0729-44E3-8803-CF7F1149C74D}.Release|Any CPU.ActiveCfg = Release|Any CPU
		{978F76B3-0729-44E3-8803-CF7F1149C74D}.Release|Any CPU.Build.0 = Release|Any CPU
		{30D47B96-C94D-4DD7-BE08-9CBFB6124EB7}.Debug|Any CPU.ActiveCfg = Debug|Any CPU
		{30D47B96-C94D-4DD7-BE08-9CBFB6124EB7}.Debug|Any CPU.Build.0 = Debug|Any CPU
		{30D47B96-C94D-4DD7-BE08-9CBFB6124EB7}.Release|Any CPU.ActiveCfg = Release|Any CPU
		{30D47B96-C94D-4DD7-BE08-9CBFB6124EB7}.Release|Any CPU.Build.0 = Release|Any CPU
	EndGlobalSection
	GlobalSection(SolutionProperties) = preSolution
		HideSolutionNode = FALSE
	EndGlobalSection
	GlobalSection(NestedProjects) = preSolution
		{5EC33B32-772B-485F-BA67-6738910D5707} = {256EAA46-94E0-48AC-9270-8765AFD9CCDA}
		{48F58A8D-C0A5-4487-BB9E-8CDC12B6832D} = {256EAA46-94E0-48AC-9270-8765AFD9CCDA}
		{54C8D511-D741-4947-81AA-D2FBC34152CE} = {256EAA46-94E0-48AC-9270-8765AFD9CCDA}
		{087078A5-DC84-4D3E-878A-D09FC8BF0310} = {256EAA46-94E0-48AC-9270-8765AFD9CCDA}
		{496AAA6F-0716-4467-BF5A-0244A6C663AD} = {256EAA46-94E0-48AC-9270-8765AFD9CCDA}
		{DB38812C-3C52-4CC1-BC90-ACBF4D45DF8B} = {256EAA46-94E0-48AC-9270-8765AFD9CCDA}
		{F01E7B0F-19B8-4178-BFAD-990D3F8770FD} = {DD4A8855-86BE-4B72-91B8-107CA0F67374}
		{B0E055C7-8CB1-46B5-B0F6-12BD214A4AF8} = {C240D8B1-535A-44B3-B17C-675F2B5ADD8C}
		{CF21F777-4087-40AF-AADB-D8E15EC0622B} = {C240D8B1-535A-44B3-B17C-675F2B5ADD8C}
		{79F50737-032C-42AD-8CE7-8C5728233148} = {C240D8B1-535A-44B3-B17C-675F2B5ADD8C}
		{C240D8B1-535A-44B3-B17C-675F2B5ADD8C} = {DED6CB62-AF4E-4D66-B615-FFCC3BFB5D59}
		{32F6B833-5C59-4EEC-9CDA-EE21197EF44C} = {DED6CB62-AF4E-4D66-B615-FFCC3BFB5D59}
		{8B55B500-9411-45C9-9824-7E1862103146} = {32F6B833-5C59-4EEC-9CDA-EE21197EF44C}
		{AA673DEF-A84B-4283-A680-DBCCC13E8813} = {32F6B833-5C59-4EEC-9CDA-EE21197EF44C}
		{BC0C898F-7E4F-4FF0-B188-A3FA1BA14734} = {32F6B833-5C59-4EEC-9CDA-EE21197EF44C}
		{B26CAF91-1760-4122-A4EA-87C9DF3CEAD6} = {C3B1012B-A105-439E-A7EB-BC63157F3186}
		{740D3002-C343-4D48-B3D9-04408123C218} = {C3B1012B-A105-439E-A7EB-BC63157F3186}
		{81245FE0-E4B4-43E7-A05F-EA86E43A249C} = {C3B1012B-A105-439E-A7EB-BC63157F3186}
		{C3B1012B-A105-439E-A7EB-BC63157F3186} = {2A1EE519-AA29-4F81-88FC-1C094AA8C8C5}
		{293894B4-47C7-4520-B8B5-D963C1F78B25} = {2A1EE519-AA29-4F81-88FC-1C094AA8C8C5}
		{A15A54E9-8E71-46AF-B0AC-8A6317D1D19B} = {293894B4-47C7-4520-B8B5-D963C1F78B25}
		{19D5D553-6B8C-4B89-A7D7-F05D0610289D} = {293894B4-47C7-4520-B8B5-D963C1F78B25}
		{978F76B3-0729-44E3-8803-CF7F1149C74D} = {293894B4-47C7-4520-B8B5-D963C1F78B25}
		{30D47B96-C94D-4DD7-BE08-9CBFB6124EB7} = {DD4A8855-86BE-4B72-91B8-107CA0F67374}
	EndGlobalSection
	GlobalSection(ExtensibilityGlobals) = postSolution
		SolutionGuid = {E130D22B-0D1C-4508-957F-4D86E63C2375}
	EndGlobalSection
EndGlobal
